
Microsoft Visual Studio Solution File, Format Version 12.00
# Visual Studio Version 17
VisualStudioVersion = 17.11.35312.102
MinimumVisualStudioVersion = 10.0.40219.1
Project("{FAE04EC0-301F-11D3-BF4B-00C04F79EFBC}") = "LTS_Mini", "LTS_Mini\LTS_Mini.csproj", "{41982ABC-5C45-45B9-90F2-6637B4683AEE}"
EndProject
Global
	GlobalSection(SolutionConfigurationPlatforms) = preSolution
		Debug|Any CPU = Debug|Any CPU
		Release|Any CPU = Release|Any CPU
	EndGlobalSection
	GlobalSection(ProjectConfigurationPlatforms) = postSolution
		{41982ABC-5C45-45B9-90F2-6637B4683AEE}.Debug|Any CPU.ActiveCfg = Debug|Any CPU
		{41982ABC-5C45-45B9-90F2-6637B4683AEE}.Debug|Any CPU.Build.0 = Debug|Any CPU
		{41982ABC-5C45-45B9-90F2-6637B4683AEE}.Release|Any CPU.ActiveCfg = Release|Any CPU
		{41982ABC-5C45-45B9-90F2-6637B4683AEE}.Release|Any CPU.Build.0 = Release|Any CPU
	EndGlobalSection
	GlobalSection(SolutionProperties) = preSolution
		HideSolutionNode = FALSE
	EndGlobalSection
	GlobalSection(ExtensibilityGlobals) = postSolution
		SolutionGuid = {E48C5A45-C6E1-426E-989B-D9620A77CA2E}
	EndGlobalSection
EndGlobal
